// !$*UTF8*$!
{
	archiveVersion = 1;
	classes = {
	};
	objectVersion = 46;
	objects = {

/* Begin PBXBuildFile section */
		006D720419952D00008149E2 /* AVFoundation.framework in Frameworks */ = {isa = PBXBuildFile; fileRef = 006D720219952D00008149E2 /* AVFoundation.framework */; };
		006D720519952D00008149E2 /* CoreMedia.framework in Frameworks */ = {isa = PBXBuildFile; fileRef = 006D720319952D00008149E2 /* CoreMedia.framework */; };
		0091D8F90E81B9330029341E /* OpenGL.framework in Frameworks */ = {isa = PBXBuildFile; fileRef = 0091D8F80E81B9330029341E /* OpenGL.framework */; };
		00B784B30FF439BC000DE1D7 /* Accelerate.framework in Frameworks */ = {isa = PBXBuildFile; fileRef = 00B784AF0FF439BC000DE1D7 /* Accelerate.framework */; };
		00B784B40FF439BC000DE1D7 /* AudioToolbox.framework in Frameworks */ = {isa = PBXBuildFile; fileRef = 00B784B00FF439BC000DE1D7 /* AudioToolbox.framework */; };
		00B784B50FF439BC000DE1D7 /* AudioUnit.framework in Frameworks */ = {isa = PBXBuildFile; fileRef = 00B784B10FF439BC000DE1D7 /* AudioUnit.framework */; };
		00B784B60FF439BC000DE1D7 /* CoreAudio.framework in Frameworks */ = {isa = PBXBuildFile; fileRef = 00B784B20FF439BC000DE1D7 /* CoreAudio.framework */; };
		00B9955A1B128DF400A5C623 /* IOKit.framework in Frameworks */ = {isa = PBXBuildFile; fileRef = 00B995581B128DF400A5C623 /* IOKit.framework */; };
		00B9955B1B128DF400A5C623 /* IOSurface.framework in Frameworks */ = {isa = PBXBuildFile; fileRef = 00B995591B128DF400A5C623 /* IOSurface.framework */; };
		04ADFEB456034FAC82063244 /* gpuplotApp.cpp in Sources */ = {isa = PBXBuildFile; fileRef = D4BAFEC1DF4A4F739E66F52E /* gpuplotApp.cpp */; };
		5323E6B20EAFCA74003A9687 /* CoreVideo.framework in Frameworks */ = {isa = PBXBuildFile; fileRef = 5323E6B10EAFCA74003A9687 /* CoreVideo.framework */; };
		5F5B2CF43EF94CB28F373567 /* main.m in Sources */ = {isa = PBXBuildFile; fileRef = B23A5427B4694DC8A88B9ADB /* main.m */; };
		639181ECF6B645389952F661 /* Cairo.cpp in Sources */ = {isa = PBXBuildFile; fileRef = D6252A18D14440FBB6C2D977 /* Cairo.cpp */; };
		8D11072F0486CEB800E47090 /* Cocoa.framework in Frameworks */ = {isa = PBXBuildFile; fileRef = 1058C7A1FEA54F0111CA2CBB /* Cocoa.framework */; };
		900E88170AEB4723A1D5B8A4 /* MainMenu.xib in Resources */ = {isa = PBXBuildFile; fileRef = 79B7EED9588846DA9D35AFC6 /* MainMenu.xib */; };
		9459CEB75DA046A89F086671 /* gpuplotDelegate.mm in Sources */ = {isa = PBXBuildFile; fileRef = C8BBC5F1DFE64509884513C9 /* gpuplotDelegate.mm */; };
		B69FBB440C28470581DC4293 /* Osc.cpp in Sources */ = {isa = PBXBuildFile; fileRef = 065FB24494034E948427A5B0 /* Osc.cpp */; };
		D0C2537C1F7621250062B812 /* shader.frag in Resources */ = {isa = PBXBuildFile; fileRef = D0C2537A1F7621250062B812 /* shader.frag */; };
		D0C2537D1F7621250062B812 /* shader.vert in Resources */ = {isa = PBXBuildFile; fileRef = D0C2537B1F7621250062B812 /* shader.vert */; };
		E692CECA8F604E14B03593F6 /* CinderApp.icns in Resources */ = {isa = PBXBuildFile; fileRef = 2E1ED75C12E2497BA78808AF /* CinderApp.icns */; };
/* End PBXBuildFile section */

/* Begin PBXFileReference section */
		006D720219952D00008149E2 /* AVFoundation.framework */ = {isa = PBXFileReference; lastKnownFileType = wrapper.framework; name = AVFoundation.framework; path = System/Library/Frameworks/AVFoundation.framework; sourceTree = SDKROOT; };
		006D720319952D00008149E2 /* CoreMedia.framework */ = {isa = PBXFileReference; lastKnownFileType = wrapper.framework; name = CoreMedia.framework; path = System/Library/Frameworks/CoreMedia.framework; sourceTree = SDKROOT; };
		0091D8F80E81B9330029341E /* OpenGL.framework */ = {isa = PBXFileReference; lastKnownFileType = wrapper.framework; name = OpenGL.framework; path = /System/Library/Frameworks/OpenGL.framework; sourceTree = "<absolute>"; };
		00B784AF0FF439BC000DE1D7 /* Accelerate.framework */ = {isa = PBXFileReference; lastKnownFileType = wrapper.framework; name = Accelerate.framework; path = System/Library/Frameworks/Accelerate.framework; sourceTree = SDKROOT; };
		00B784B00FF439BC000DE1D7 /* AudioToolbox.framework */ = {isa = PBXFileReference; lastKnownFileType = wrapper.framework; name = AudioToolbox.framework; path = System/Library/Frameworks/AudioToolbox.framework; sourceTree = SDKROOT; };
		00B784B10FF439BC000DE1D7 /* AudioUnit.framework */ = {isa = PBXFileReference; lastKnownFileType = wrapper.framework; name = AudioUnit.framework; path = System/Library/Frameworks/AudioUnit.framework; sourceTree = SDKROOT; };
		00B784B20FF439BC000DE1D7 /* CoreAudio.framework */ = {isa = PBXFileReference; lastKnownFileType = wrapper.framework; name = CoreAudio.framework; path = System/Library/Frameworks/CoreAudio.framework; sourceTree = SDKROOT; };
		00B995581B128DF400A5C623 /* IOKit.framework */ = {isa = PBXFileReference; lastKnownFileType = wrapper.framework; name = IOKit.framework; path = System/Library/Frameworks/IOKit.framework; sourceTree = SDKROOT; };
		00B995591B128DF400A5C623 /* IOSurface.framework */ = {isa = PBXFileReference; lastKnownFileType = wrapper.framework; name = IOSurface.framework; path = System/Library/Frameworks/IOSurface.framework; sourceTree = SDKROOT; };
		065FB24494034E948427A5B0 /* Osc.cpp */ = {isa = PBXFileReference; lastKnownFileType = sourcecode.c.cpp; name = Osc.cpp; path = ../blocks/OSC/src/cinder/osc/Osc.cpp; sourceTree = "<group>"; };
		1058C7A1FEA54F0111CA2CBB /* Cocoa.framework */ = {isa = PBXFileReference; lastKnownFileType = wrapper.framework; name = Cocoa.framework; path = /System/Library/Frameworks/Cocoa.framework; sourceTree = "<absolute>"; };
		19874FBBE7B344B38701E260 /* gpuplotDelegate.h */ = {isa = PBXFileReference; lastKnownFileType = sourcecode.c.h; name = gpuplotDelegate.h; path = ../include/gpuplotDelegate.h; sourceTree = "<group>"; };
		29B97324FDCFA39411CA2CEA /* AppKit.framework */ = {isa = PBXFileReference; lastKnownFileType = wrapper.framework; name = AppKit.framework; path = /System/Library/Frameworks/AppKit.framework; sourceTree = "<absolute>"; };
		29B97325FDCFA39411CA2CEA /* Foundation.framework */ = {isa = PBXFileReference; lastKnownFileType = wrapper.framework; name = Foundation.framework; path = /System/Library/Frameworks/Foundation.framework; sourceTree = "<absolute>"; };
		2E1ED75C12E2497BA78808AF /* CinderApp.icns */ = {isa = PBXFileReference; lastKnownFileType = image.icns; name = CinderApp.icns; path = ../resources/CinderApp.icns; sourceTree = "<group>"; };
		5323E6B10EAFCA74003A9687 /* CoreVideo.framework */ = {isa = PBXFileReference; lastKnownFileType = wrapper.framework; name = CoreVideo.framework; path = /System/Library/Frameworks/CoreVideo.framework; sourceTree = "<absolute>"; };
		558BDD39B6834C0BA69C5118 /* Info.plist */ = {isa = PBXFileReference; lastKnownFileType = text.plist.xml; path = Info.plist; sourceTree = "<group>"; };
		62E68A48EC044E00BFE3EE3D /* gpuplot_Prefix.pch */ = {isa = PBXFileReference; lastKnownFileType = "\"\""; path = gpuplot_Prefix.pch; sourceTree = "<group>"; };
		79B7EED9588846DA9D35AFC6 /* MainMenu.xib */ = {isa = PBXFileReference; lastKnownFileType = "\"\""; name = MainMenu.xib; path = en.lproj/MainMenu.xib; sourceTree = "<group>"; };
		7E2A399443604C1FA50809CF /* Resources.h */ = {isa = PBXFileReference; lastKnownFileType = sourcecode.c.h; name = Resources.h; path = ../include/Resources.h; sourceTree = "<group>"; };
		89897D0DFF0444BE975B361A /* Osc.h */ = {isa = PBXFileReference; lastKnownFileType = sourcecode.c.h; name = Osc.h; path = ../blocks/OSC/src/cinder/osc/Osc.h; sourceTree = "<group>"; };
		8D1107320486CEB800E47090 /* gpuplot.app */ = {isa = PBXFileReference; explicitFileType = wrapper.application; includeInIndex = 0; path = gpuplot.app; sourceTree = BUILT_PRODUCTS_DIR; };
		ACE05D91641548DB8D15BB35 /* Cairo.h */ = {isa = PBXFileReference; lastKnownFileType = sourcecode.c.h; name = Cairo.h; path = ../blocks/Cairo/include/cinder/cairo/Cairo.h; sourceTree = "<group>"; };
		B23A5427B4694DC8A88B9ADB /* main.m */ = {isa = PBXFileReference; lastKnownFileType = "\"\""; name = main.m; path = ../src/main.m; sourceTree = "<group>"; };
		C8BBC5F1DFE64509884513C9 /* gpuplotDelegate.mm */ = {isa = PBXFileReference; lastKnownFileType = sourcecode.cpp.objcpp; name = gpuplotDelegate.mm; path = ../src/gpuplotDelegate.mm; sourceTree = "<group>"; };
		D0C2537A1F7621250062B812 /* shader.frag */ = {isa = PBXFileReference; fileEncoding = 4; lastKnownFileType = sourcecode.glsl; name = shader.frag; path = ../resources/shader.frag; sourceTree = "<group>"; };
		D0C2537B1F7621250062B812 /* shader.vert */ = {isa = PBXFileReference; fileEncoding = 4; lastKnownFileType = sourcecode.glsl; name = shader.vert; path = ../resources/shader.vert; sourceTree = "<group>"; };
		D4BAFEC1DF4A4F739E66F52E /* gpuplotApp.cpp */ = {isa = PBXFileReference; lastKnownFileType = sourcecode.c.cpp; name = gpuplotApp.cpp; path = ../src/gpuplotApp.cpp; sourceTree = "<group>"; };
		D6252A18D14440FBB6C2D977 /* Cairo.cpp */ = {isa = PBXFileReference; lastKnownFileType = sourcecode.c.cpp; name = Cairo.cpp; path = ../blocks/Cairo/src/Cairo.cpp; sourceTree = "<group>"; };
		F87DAC0206794004B4B56C39 /* gpuplotApp.h */ = {isa = PBXFileReference; lastKnownFileType = sourcecode.c.h; name = gpuplotApp.h; path = ../include/gpuplotApp.h; sourceTree = "<group>"; };
/* End PBXFileReference section */

/* Begin PBXFrameworksBuildPhase section */
		8D11072E0486CEB800E47090 /* Frameworks */ = {
			isa = PBXFrameworksBuildPhase;
			buildActionMask = 2147483647;
			files = (
				006D720419952D00008149E2 /* AVFoundation.framework in Frameworks */,
				006D720519952D00008149E2 /* CoreMedia.framework in Frameworks */,
				8D11072F0486CEB800E47090 /* Cocoa.framework in Frameworks */,
				0091D8F90E81B9330029341E /* OpenGL.framework in Frameworks */,
				5323E6B20EAFCA74003A9687 /* CoreVideo.framework in Frameworks */,
				00B784B30FF439BC000DE1D7 /* Accelerate.framework in Frameworks */,
				00B784B40FF439BC000DE1D7 /* AudioToolbox.framework in Frameworks */,
				00B784B50FF439BC000DE1D7 /* AudioUnit.framework in Frameworks */,
				00B784B60FF439BC000DE1D7 /* CoreAudio.framework in Frameworks */,
				00B9955A1B128DF400A5C623 /* IOKit.framework in Frameworks */,
				00B9955B1B128DF400A5C623 /* IOSurface.framework in Frameworks */,
			);
			runOnlyForDeploymentPostprocessing = 0;
		};
/* End PBXFrameworksBuildPhase section */

/* Begin PBXGroup section */
		01B97315FEAEA392516A2CEA /* Blocks */ = {
			isa = PBXGroup;
			children = (
				7305352E44044F1E9D7A0435 /* Cairo */,
				E20503369F1D40C6B06ED3BB /* OSC */,
			);
			name = Blocks;
			sourceTree = "<group>";
		};
		080E96DDFE201D6D7F000001 /* Source */ = {
			isa = PBXGroup;
			children = (
				D4BAFEC1DF4A4F739E66F52E /* gpuplotApp.cpp */,
				C8BBC5F1DFE64509884513C9 /* gpuplotDelegate.mm */,
				B23A5427B4694DC8A88B9ADB /* main.m */,
			);
			name = Source;
			sourceTree = "<group>";
		};
		1058C7A0FEA54F0111CA2CBB /* Linked Frameworks */ = {
			isa = PBXGroup;
			children = (
				006D720219952D00008149E2 /* AVFoundation.framework */,
				006D720319952D00008149E2 /* CoreMedia.framework */,
				00B784AF0FF439BC000DE1D7 /* Accelerate.framework */,
				00B784B00FF439BC000DE1D7 /* AudioToolbox.framework */,
				00B784B10FF439BC000DE1D7 /* AudioUnit.framework */,
				00B784B20FF439BC000DE1D7 /* CoreAudio.framework */,
				5323E6B10EAFCA74003A9687 /* CoreVideo.framework */,
				0091D8F80E81B9330029341E /* OpenGL.framework */,
				1058C7A1FEA54F0111CA2CBB /* Cocoa.framework */,
				00B995581B128DF400A5C623 /* IOKit.framework */,
				00B995591B128DF400A5C623 /* IOSurface.framework */,
			);
			name = "Linked Frameworks";
			sourceTree = "<group>";
		};
		1058C7A2FEA54F0111CA2CBB /* Other Frameworks */ = {
			isa = PBXGroup;
			children = (
				29B97324FDCFA39411CA2CEA /* AppKit.framework */,
				29B97325FDCFA39411CA2CEA /* Foundation.framework */,
			);
			name = "Other Frameworks";
			sourceTree = "<group>";
		};
		11285871C2944EC2B47F2BC2 /* src */ = {
			isa = PBXGroup;
			children = (
				D6252A18D14440FBB6C2D977 /* Cairo.cpp */,
			);
			name = src;
			sourceTree = "<group>";
		};
		19C28FACFE9D520D11CA2CBB /* Products */ = {
			isa = PBXGroup;
			children = (
				8D1107320486CEB800E47090 /* gpuplot.app */,
			);
			name = Products;
			sourceTree = "<group>";
		};
		29B97314FDCFA39411CA2CEA /* gpuplot */ = {
			isa = PBXGroup;
			children = (
				01B97315FEAEA392516A2CEA /* Blocks */,
				29B97315FDCFA39411CA2CEA /* Headers */,
				080E96DDFE201D6D7F000001 /* Source */,
				29B97317FDCFA39411CA2CEA /* Resources */,
				29B97323FDCFA39411CA2CEA /* Frameworks */,
				19C28FACFE9D520D11CA2CBB /* Products */,
			);
			name = gpuplot;
			sourceTree = "<group>";
		};
		29B97315FDCFA39411CA2CEA /* Headers */ = {
			isa = PBXGroup;
			children = (
				F87DAC0206794004B4B56C39 /* gpuplotApp.h */,
				19874FBBE7B344B38701E260 /* gpuplotDelegate.h */,
				7E2A399443604C1FA50809CF /* Resources.h */,
				62E68A48EC044E00BFE3EE3D /* gpuplot_Prefix.pch */,
			);
			name = Headers;
			sourceTree = "<group>";
		};
		29B97317FDCFA39411CA2CEA /* Resources */ = {
			isa = PBXGroup;
			children = (
				D0C2537A1F7621250062B812 /* shader.frag */,
				D0C2537B1F7621250062B812 /* shader.vert */,
				2E1ED75C12E2497BA78808AF /* CinderApp.icns */,
				79B7EED9588846DA9D35AFC6 /* MainMenu.xib */,
				558BDD39B6834C0BA69C5118 /* Info.plist */,
			);
			name = Resources;
			sourceTree = "<group>";
		};
		29B97323FDCFA39411CA2CEA /* Frameworks */ = {
			isa = PBXGroup;
			children = (
				1058C7A0FEA54F0111CA2CBB /* Linked Frameworks */,
				1058C7A2FEA54F0111CA2CBB /* Other Frameworks */,
			);
			name = Frameworks;
			sourceTree = "<group>";
		};
		355B8EA7D20C4D73818C6242 /* include */ = {
			isa = PBXGroup;
			children = (
				6FE5B502E2A94D96A821871D /* cinder */,
			);
			name = include;
			sourceTree = "<group>";
		};
		52726232A9224F5EB433AF0C /* cairo */ = {
			isa = PBXGroup;
			children = (
				ACE05D91641548DB8D15BB35 /* Cairo.h */,
			);
			name = cairo;
			sourceTree = "<group>";
		};
		58D0C65022364B3D9C9D4F01 /* src */ = {
			isa = PBXGroup;
			children = (
				CC1ADE46C01C4A5E92190E52 /* cinder */,
			);
			name = src;
			sourceTree = "<group>";
		};
		63ED10BFDD144880B76900F0 /* osc */ = {
			isa = PBXGroup;
			children = (
				065FB24494034E948427A5B0 /* Osc.cpp */,
				89897D0DFF0444BE975B361A /* Osc.h */,
			);
			name = osc;
			sourceTree = "<group>";
		};
		6FE5B502E2A94D96A821871D /* cinder */ = {
			isa = PBXGroup;
			children = (
				52726232A9224F5EB433AF0C /* cairo */,
			);
			name = cinder;
			sourceTree = "<group>";
		};
		7305352E44044F1E9D7A0435 /* Cairo */ = {
			isa = PBXGroup;
			children = (
				11285871C2944EC2B47F2BC2 /* src */,
				355B8EA7D20C4D73818C6242 /* include */,
			);
			name = Cairo;
			sourceTree = "<group>";
		};
		CC1ADE46C01C4A5E92190E52 /* cinder */ = {
			isa = PBXGroup;
			children = (
				63ED10BFDD144880B76900F0 /* osc */,
			);
			name = cinder;
			sourceTree = "<group>";
		};
		E20503369F1D40C6B06ED3BB /* OSC */ = {
			isa = PBXGroup;
			children = (
				58D0C65022364B3D9C9D4F01 /* src */,
			);
			name = OSC;
			sourceTree = "<group>";
		};
/* End PBXGroup section */

/* Begin PBXNativeTarget section */
		8D1107260486CEB800E47090 /* gpuplot */ = {
			isa = PBXNativeTarget;
			buildConfigurationList = C01FCF4A08A954540054247B /* Build configuration list for PBXNativeTarget "gpuplot" */;
			buildPhases = (
				8D1107290486CEB800E47090 /* Resources */,
				8D11072C0486CEB800E47090 /* Sources */,
				8D11072E0486CEB800E47090 /* Frameworks */,
			);
			buildRules = (
			);
			dependencies = (
			);
			name = gpuplot;
			productInstallPath = "$(HOME)/Applications";
			productName = gpuplot;
			productReference = 8D1107320486CEB800E47090 /* gpuplot.app */;
			productType = "com.apple.product-type.application";
		};
/* End PBXNativeTarget section */

/* Begin PBXProject section */
		29B97313FDCFA39411CA2CEA /* Project object */ = {
			isa = PBXProject;
			attributes = {
			};
			buildConfigurationList = C01FCF4E08A954540054247B /* Build configuration list for PBXProject "gpuplot" */;
			compatibilityVersion = "Xcode 3.2";
			developmentRegion = English;
			hasScannedForEncodings = 1;
			knownRegions = (
				English,
				Japanese,
				French,
				German,
			);
			mainGroup = 29B97314FDCFA39411CA2CEA /* gpuplot */;
			projectDirPath = "";
			projectRoot = "";
			targets = (
				8D1107260486CEB800E47090 /* gpuplot */,
			);
		};
/* End PBXProject section */

/* Begin PBXResourcesBuildPhase section */
		8D1107290486CEB800E47090 /* Resources */ = {
			isa = PBXResourcesBuildPhase;
			buildActionMask = 2147483647;
			files = (
				D0C2537C1F7621250062B812 /* shader.frag in Resources */,
				D0C2537D1F7621250062B812 /* shader.vert in Resources */,
				E692CECA8F604E14B03593F6 /* CinderApp.icns in Resources */,
				900E88170AEB4723A1D5B8A4 /* MainMenu.xib in Resources */,
			);
			runOnlyForDeploymentPostprocessing = 0;
		};
/* End PBXResourcesBuildPhase section */

/* Begin PBXSourcesBuildPhase section */
		8D11072C0486CEB800E47090 /* Sources */ = {
			isa = PBXSourcesBuildPhase;
			buildActionMask = 2147483647;
			files = (
				04ADFEB456034FAC82063244 /* gpuplotApp.cpp in Sources */,
				9459CEB75DA046A89F086671 /* gpuplotDelegate.mm in Sources */,
				5F5B2CF43EF94CB28F373567 /* main.m in Sources */,
				639181ECF6B645389952F661 /* Cairo.cpp in Sources */,
				B69FBB440C28470581DC4293 /* Osc.cpp in Sources */,
			);
			runOnlyForDeploymentPostprocessing = 0;
		};
/* End PBXSourcesBuildPhase section */

/* Begin XCBuildConfiguration section */
		C01FCF4B08A954540054247B /* Debug */ = {
			isa = XCBuildConfiguration;
			buildSettings = {
				CINDER_PATH = /Users/connerlacy/Documents/Cinder/cinder_0.9.1_mac;
				COMBINE_HIDPI_IMAGES = YES;
				COPY_PHASE_STRIP = NO;
				DEAD_CODE_STRIPPING = YES;
				GCC_DYNAMIC_NO_PIC = NO;
				GCC_INLINES_ARE_PRIVATE_EXTERN = YES;
				GCC_OPTIMIZATION_LEVEL = 0;
				GCC_PRECOMPILE_PREFIX_HEADER = YES;
				GCC_PREFIX_HEADER = gpuplot_Prefix.pch;
				GCC_PREPROCESSOR_DEFINITIONS = (
					"DEBUG=1",
					"$(inherited)",
				);
				GCC_SYMBOLS_PRIVATE_EXTERN = NO;
				INFOPLIST_FILE = Info.plist;
				INSTALL_PATH = "$(HOME)/Applications";
				OTHER_LDFLAGS = (
					"\"$(CINDER_PATH)/lib/macosx/$(CONFIGURATION)/libcinder.a\"",
					../blocks/Cairo/lib/macosx/libcairo.a,
					"\"../blocks/Cairo/lib/macosx/libpixman-1.a\"",
					../blocks/Cairo/lib/macosx/libpng16.a,
				);
				PRODUCT_BUNDLE_IDENTIFIER = "org.libcinder.${PRODUCT_NAME:rfc1034identifier}";
				PRODUCT_NAME = gpuplot;
				SYMROOT = ./build;
				WRAPPER_EXTENSION = app;
			};
			name = Debug;
		};
		C01FCF4C08A954540054247B /* Release */ = {
			isa = XCBuildConfiguration;
			buildSettings = {
				CINDER_PATH = /Users/connerlacy/Documents/Cinder/cinder_0.9.1_mac;
				COMBINE_HIDPI_IMAGES = YES;
				DEAD_CODE_STRIPPING = YES;
				DEBUG_INFORMATION_FORMAT = "dwarf-with-dsym";
				GCC_FAST_MATH = YES;
				GCC_GENERATE_DEBUGGING_SYMBOLS = NO;
				GCC_INLINES_ARE_PRIVATE_EXTERN = YES;
				GCC_OPTIMIZATION_LEVEL = 3;
				GCC_PRECOMPILE_PREFIX_HEADER = YES;
				GCC_PREFIX_HEADER = gpuplot_Prefix.pch;
				GCC_PREPROCESSOR_DEFINITIONS = (
					"NDEBUG=1",
					"$(inherited)",
				);
				GCC_SYMBOLS_PRIVATE_EXTERN = NO;
				INFOPLIST_FILE = Info.plist;
				INSTALL_PATH = "$(HOME)/Applications";
				OTHER_LDFLAGS = (
					"\"$(CINDER_PATH)/lib/macosx/$(CONFIGURATION)/libcinder.a\"",
					../blocks/Cairo/lib/macosx/libcairo.a,
					"\"../blocks/Cairo/lib/macosx/libpixman-1.a\"",
					../blocks/Cairo/lib/macosx/libpng16.a,
				);
				PRODUCT_BUNDLE_IDENTIFIER = "org.libcinder.${PRODUCT_NAME:rfc1034identifier}";
				PRODUCT_NAME = gpuplot;
				STRIP_INSTALLED_PRODUCT = YES;
				SYMROOT = ./build;
				WRAPPER_EXTENSION = app;
			};
			name = Release;
		};
		C01FCF4F08A954540054247B /* Debug */ = {
			isa = XCBuildConfiguration;
			buildSettings = {
				ALWAYS_SEARCH_USER_PATHS = NO;
				CINDER_PATH = ../../../Documents/Cinder/cinder_0.9.1_mac;
				CLANG_CXX_LANGUAGE_STANDARD = "c++11";
				CLANG_CXX_LIBRARY = "libc++";
				ENABLE_TESTABILITY = YES;
				GCC_WARN_ABOUT_RETURN_TYPE = YES;
				GCC_WARN_UNUSED_VARIABLE = YES;
				HEADER_SEARCH_PATHS = (
					"\"$(CINDER_PATH)/include\"",
					../blocks/Cairo/include/macosx,
				);
				MACOSX_DEPLOYMENT_TARGET = 10.8;
				ONLY_ACTIVE_ARCH = YES;
				SDKROOT = macosx;
				USER_HEADER_SEARCH_PATHS = "\"$(CINDER_PATH)/include\" ../include ../blocks/Cairo/include ../blocks/OSC/src";
			};
			name = Debug;
		};
		C01FCF5008A954540054247B /* Release */ = {
			isa = XCBuildConfiguration;
			buildSettings = {
				ALWAYS_SEARCH_USER_PATHS = NO;
				CINDER_PATH = ../../../Documents/Cinder/cinder_0.9.1_mac;
				CLANG_CXX_LANGUAGE_STANDARD = "c++11";
				CLANG_CXX_LIBRARY = "libc++";
				GCC_WARN_ABOUT_RETURN_TYPE = YES;
				GCC_WARN_UNUSED_VARIABLE = YES;
				HEADER_SEARCH_PATHS = (
					"\"$(CINDER_PATH)/include\"",
					../blocks/Cairo/include/macosx,
				);
				MACOSX_DEPLOYMENT_TARGET = 10.8;
				SDKROOT = macosx;
				USER_HEADER_SEARCH_PATHS = "\"$(CINDER_PATH)/include\" ../include ../blocks/Cairo/include ../blocks/OSC/src";
			};
			name = Release;
		};
/* End XCBuildConfiguration section */

/* Begin XCConfigurationList section */
		C01FCF4A08A954540054247B /* Build configuration list for PBXNativeTarget "gpuplot" */ = {
			isa = XCConfigurationList;
			buildConfigurations = (
				C01FCF4B08A954540054247B /* Debug */,
				C01FCF4C08A954540054247B /* Release */,
			);
			defaultConfigurationIsVisible = 0;
			defaultConfigurationName = Release;
		};
		C01FCF4E08A954540054247B /* Build configuration list for PBXProject "gpuplot" */ = {
			isa = XCConfigurationList;
			buildConfigurations = (
				C01FCF4F08A954540054247B /* Debug */,
				C01FCF5008A954540054247B /* Release */,
			);
			defaultConfigurationIsVisible = 0;
			defaultConfigurationName = Release;
		};
/* End XCConfigurationList section */
	};
	rootObject = 29B97313FDCFA39411CA2CEA /* Project object */;
}
